
Microsoft Visual Studio Solution File, Format Version 12.00
# Visual Studio Version 17
VisualStudioVersion = 17.4.33213.308
MinimumVisualStudioVersion = 10.0.40219.1
Project("{FAE04EC0-301F-11D3-BF4B-00C04F79EFBC}") = "Expense", "Expense\Expense.csproj", "{83F3A90C-747D-4500-8581-6BCA76A994A6}"
EndProject
Global
	GlobalSection(SolutionConfigurationPlatforms) = preSolution
		Debug|Any CPU = Debug|Any CPU
		Release|Any CPU = Release|Any CPU
	EndGlobalSection
	GlobalSection(ProjectConfigurationPlatforms) = postSolution
		{83F3A90C-747D-4500-8581-6BCA76A994A6}.Debug|Any CPU.ActiveCfg = Debug|Any CPU
		{83F3A90C-747D-4500-8581-6BCA76A994A6}.Debug|Any CPU.Build.0 = Debug|Any CPU
		{83F3A90C-747D-4500-8581-6BCA76A994A6}.Release|Any CPU.ActiveCfg = Release|Any CPU
		{83F3A90C-747D-4500-8581-6BCA76A994A6}.Release|Any CPU.Build.0 = Release|Any CPU
	EndGlobalSection
	GlobalSection(SolutionProperties) = preSolution
		HideSolutionNode = FALSE
	EndGlobalSection
	GlobalSection(ExtensibilityGlobals) = postSolution
		SolutionGuid = {BC90C035-1E50-4979-98C8-9FEABA3AD5B0}
	EndGlobalSection
EndGlobal
